
Microsoft Visual Studio Solution File, Format Version 12.00
# Visual Studio Version 17
VisualStudioVersion = 17.11.35219.272
MinimumVisualStudioVersion = 10.0.40219.1
Project("{FAE04EC0-301F-11D3-BF4B-00C04F79EFBC}") = "ProjektuppgiftOPG", "ProjektuppgiftOPG\ProjektuppgiftOPG.csproj", "{68DFBF6B-0FF4-47BA-94BA-166814F45535}"
EndProject
Global
	GlobalSection(SolutionConfigurationPlatforms) = preSolution
		Debug|Any CPU = Debug|Any CPU
		Release|Any CPU = Release|Any CPU
	EndGlobalSection
	GlobalSection(ProjectConfigurationPlatforms) = postSolution
		{68DFBF6B-0FF4-47BA-94BA-166814F45535}.Debug|Any CPU.ActiveCfg = Debug|Any CPU
		{68DFBF6B-0FF4-47BA-94BA-166814F45535}.Debug|Any CPU.Build.0 = Debug|Any CPU
		{68DFBF6B-0FF4-47BA-94BA-166814F45535}.Release|Any CPU.ActiveCfg = Release|Any CPU
		{68DFBF6B-0FF4-47BA-94BA-166814F45535}.Release|Any CPU.Build.0 = Release|Any CPU
	EndGlobalSection
	GlobalSection(SolutionProperties) = preSolution
		HideSolutionNode = FALSE
	EndGlobalSection
	GlobalSection(ExtensibilityGlobals) = postSolution
		SolutionGuid = {D589179E-D486-489D-94B3-04A526D029EE}
	EndGlobalSection
EndGlobal
